
Microsoft Visual Studio Solution File, Format Version 12.00
# Visual Studio Version 17
VisualStudioVersion = 17.5.002.0
MinimumVisualStudioVersion = 10.0.40219.1
Project("{2150E333-8FDC-42A3-9474-1A3956D46DE8}") = "Section 1 -GetStarted", "Section 1 -GetStarted", "{AE8CD204-E00C-4E8F-8C5C-83F51895A1A3}"
EndProject
Project("{9A19103F-16F7-4668-BE54-9A1E7A4F7556}") = "Assignment1", "Section 1 -GetStarted\Assignment1\Assignment1.csproj", "{3DAB69E3-429F-4A8A-970F-9C1B34A25C21}"
EndProject
Project("{9A19103F-16F7-4668-BE54-9A1E7A4F7556}") = "Assignment1Solution", "Section 1 -GetStarted\Assignment1Solution\Assignment1Solution.csproj", "{5E947B6A-1BC6-4D92-90BD-1DB6ED1CB845}"
EndProject
Project("{9A19103F-16F7-4668-BE54-9A1E7A4F7556}") = "Basics", "Section 1 -GetStarted\Basics\Basics.csproj", "{7D8DE07E-85A3-45BB-949D-239854F5ADB4}"
EndProject
Project("{2150E333-8FDC-42A3-9474-1A3956D46DE8}") = "Section 2 -Variables", "Section 2 -Variables", "{467F6B6D-A9C2-4B86-B366-90BEED3837B2}"
EndProject
Project("{9A19103F-16F7-4668-BE54-9A1E7A4F7556}") = "Arrays", "Section 2 -Variables\Arrays\Arrays.csproj", "{48275F39-B7AE-4E56-9B8D-82594B272FB9}"
EndProject
Project("{9A19103F-16F7-4668-BE54-9A1E7A4F7556}") = "Assignment1", "Section 2 -Variables\Assignment1\Assignment1.csproj", "{5B52B92F-6610-44FA-B03A-85966E77C6E1}"
EndProject
Project("{9A19103F-16F7-4668-BE54-9A1E7A4F7556}") = "Assignment1Solution", "Section 2 -Variables\Assignment1Solution\Assignment1Solution.csproj", "{F5054F4E-180B-4553-A4DD-0649FE0DB7FC}"
EndProject
Project("{9A19103F-16F7-4668-BE54-9A1E7A4F7556}") = "Boolean", "Section 2 -Variables\Boolean\Boolean.csproj", "{4E2ADB31-E5CE-4442-8277-B6B70336FC40}"
EndProject
Project("{9A19103F-16F7-4668-BE54-9A1E7A4F7556}") = "Numbers", "Section 2 -Variables\Numbers\Numbers.csproj", "{7CF86DCB-1AD5-44C1-A576-E9F1F8B22BBE}"
EndProject
Project("{9A19103F-16F7-4668-BE54-9A1E7A4F7556}") = "Text", "Section 2 -Variables\Text\Text.csproj", "{BDF6A75F-CC33-46FA-9E16-05DB749A13B2}"
EndProject
Project("{2150E333-8FDC-42A3-9474-1A3956D46DE8}") = "Section 3 -Operators", "Section 3 -Operators", "{000B6DDE-DB16-4F4F-B0A2-8EBF963E0AFE}"
EndProject
Project("{9A19103F-16F7-4668-BE54-9A1E7A4F7556}") = "Assignment1", "Section 3 -Operators\Assignment1\Assignment1.csproj", "{FAE8FF3B-46C2-41D8-BE55-D1417F10476B}"
EndProject
Project("{9A19103F-16F7-4668-BE54-9A1E7A4F7556}") = "Assignment1Solution", "Section 3 -Operators\Assignment1Solution\Assignment1Solution.csproj", "{E59B1DDE-29CB-4D8B-8F62-F9B98E096C65}"
EndProject
Project("{9A19103F-16F7-4668-BE54-9A1E7A4F7556}") = "AssignmentOperators", "Section 3 -Operators\AssignmentOperators\AssignmentOperators.csproj", "{019B3688-4918-4CD4-B54A-874281CC29FC}"
EndProject
Project("{9A19103F-16F7-4668-BE54-9A1E7A4F7556}") = "ComparisonOperators", "Section 3 -Operators\ComparisonOperators\ComparisonOperators.csproj", "{20D3AF4B-D60F-4715-A5A1-56593A603792}"
EndProject
Project("{9A19103F-16F7-4668-BE54-9A1E7A4F7556}") = "ConditionalOperators", "Section 3 -Operators\ConditionalOperators\ConditionalOperators.csproj", "{E3878934-4762-4E3F-A3B7-E5477941BD42}"
EndProject
Project("{9A19103F-16F7-4668-BE54-9A1E7A4F7556}") = "MathematicalOperators", "Section 3 -Operators\MathematicalOperators\MathematicalOperators.csproj", "{50FCC75D-A516-4D6B-AC54-185848245ED9}"
EndProject
Project("{9A19103F-16F7-4668-BE54-9A1E7A4F7556}") = "UnaryOperators", "Section 3 -Operators\UnaryOperators\UnaryOperators.csproj", "{56228EFB-0291-418D-B1FB-919198D7E1AE}"
EndProject
Project("{2150E333-8FDC-42A3-9474-1A3956D46DE8}") = "Section 4 -SelectionStatements", "Section 4 -SelectionStatements", "{CBD16EB0-0637-4CB2-B416-F56672256573}"
EndProject
Project("{9A19103F-16F7-4668-BE54-9A1E7A4F7556}") = "Assignment1", "Section 4 -SelectionStatements\Assignment1\Assignment1.csproj", "{5629F5C5-F273-4636-ABC7-B6C8FFBA0EB3}"
EndProject
Project("{9A19103F-16F7-4668-BE54-9A1E7A4F7556}") = "Assignment1Solution", "Section 4 -SelectionStatements\Assignment1Solution\Assignment1Solution.csproj", "{B1C4E0A4-A823-4620-901E-73E1D28497BB}"
EndProject
Project("{9A19103F-16F7-4668-BE54-9A1E7A4F7556}") = "Assignment2", "Section 4 -SelectionStatements\Assignment2\Assignment2.csproj", "{6C91356A-8DBA-49F6-A605-B46E8B64FE08}"
EndProject
Project("{9A19103F-16F7-4668-BE54-9A1E7A4F7556}") = "Assignment2Solution", "Section 4 -SelectionStatements\Assignment2Solution\Assignment2Solution.csproj", "{7D549C3D-93F2-43FB-A62C-B0BCA1ADBE3A}"
EndProject
Project("{9A19103F-16F7-4668-BE54-9A1E7A4F7556}") = "Assignment3", "Section 4 -SelectionStatements\Assignment3\Assignment3.csproj", "{F134AD96-AA3E-4EDB-9B7C-14EE5703E77C}"
EndProject
Project("{9A19103F-16F7-4668-BE54-9A1E7A4F7556}") = "Assignment3Solution", "Section 4 -SelectionStatements\Assignment3Solution\Assignment3Solution.csproj", "{01792FBF-7D6E-43F4-91A7-F1EE720CE22D}"
EndProject
Project("{9A19103F-16F7-4668-BE54-9A1E7A4F7556}") = "Assignment4", "Section 4 -SelectionStatements\Assignment4\Assignment4.csproj", "{B0C420F6-92C1-41E2-9321-DAA791B4A825}"
EndProject
Project("{9A19103F-16F7-4668-BE54-9A1E7A4F7556}") = "Assignment4Solution", "Section 4 -SelectionStatements\Assignment4Solution\Assignment4Solution.csproj", "{C08BE7F5-0031-43A3-A544-B192057714D6}"
EndProject
Project("{9A19103F-16F7-4668-BE54-9A1E7A4F7556}") = "IfStatements", "Section 4 -SelectionStatements\IfStatements\IfStatements.csproj", "{E9CB183D-7B65-4DD3-A926-6ECB586750BA}"
EndProject
Project("{9A19103F-16F7-4668-BE54-9A1E7A4F7556}") = "SwitchStatements", "Section 4 -SelectionStatements\SwitchStatements\SwitchStatements.csproj", "{463EC98E-6E3F-4976-9479-DFB31B6A08DE}"
EndProject
Project("{2150E333-8FDC-42A3-9474-1A3956D46DE8}") = "Section 5 -IterativeStatements", "Section 5 -IterativeStatements", "{7CC71C6D-9179-499B-9F19-DD4068032723}"
EndProject
Project("{9A19103F-16F7-4668-BE54-9A1E7A4F7556}") = "Assignment1", "Section 5 -IterativeStatements\Assignment1\Assignment1.csproj", "{943A87D9-2513-497C-8FE7-3DEA0CC6E237}"
EndProject
Project("{9A19103F-16F7-4668-BE54-9A1E7A4F7556}") = "Assignment1Solution", "Section 5 -IterativeStatements\Assignment1Solution\Assignment1Solution.csproj", "{A595B23D-937F-4809-92D9-A742F8ACAF24}"
EndProject
Project("{9A19103F-16F7-4668-BE54-9A1E7A4F7556}") = "Assignment2", "Section 5 -IterativeStatements\Assignment2\Assignment2.csproj", "{299AC781-FA20-40A5-8B47-E368FB1A4CEC}"
EndProject
Project("{9A19103F-16F7-4668-BE54-9A1E7A4F7556}") = "Assignment2Solution", "Section 5 -IterativeStatements\Assignment2Solution\Assignment2Solution.csproj", "{143335FD-0A82-42DE-8176-505F57CC23B1}"
EndProject
Project("{9A19103F-16F7-4668-BE54-9A1E7A4F7556}") = "Assignment3", "Section 5 -IterativeStatements\Assignment3\Assignment3.csproj", "{5BF2E096-E32B-462D-A931-EA4E2948DD1A}"
EndProject
Project("{9A19103F-16F7-4668-BE54-9A1E7A4F7556}") = "Assignment3Solution", "Section 5 -IterativeStatements\Assignment3Solution\Assignment3Solution.csproj", "{AB3AF597-F4F9-490C-93BA-E38E75CD630D}"
EndProject
Project("{9A19103F-16F7-4668-BE54-9A1E7A4F7556}") = "Foreach", "Section 5 -IterativeStatements\Foreach\Foreach.csproj", "{D99AE02A-0601-4FB4-B1B4-8A88AE8729F8}"
EndProject
Project("{9A19103F-16F7-4668-BE54-9A1E7A4F7556}") = "Loops", "Section 5 -IterativeStatements\Loops\Loops.csproj", "{58C69DB7-7027-4694-917A-259BCC6197EF}"
EndProject
Project("{2150E333-8FDC-42A3-9474-1A3956D46DE8}") = "Section 6 -Debugging", "Section 6 -Debugging", "{F577B1CD-9951-4BB7-AB56-CECF4EC1E0A3}"
EndProject
Project("{9A19103F-16F7-4668-BE54-9A1E7A4F7556}") = "Debugging", "Section 6 -Debugging\Debugging\Debugging.csproj", "{F794AAC7-C49A-4918-9B8A-5D8F71652FEC}"
EndProject
Global
	GlobalSection(SolutionConfigurationPlatforms) = preSolution
		Debug|Any CPU = Debug|Any CPU
		Release|Any CPU = Release|Any CPU
	EndGlobalSection
	GlobalSection(ProjectConfigurationPlatforms) = postSolution
		{3DAB69E3-429F-4A8A-970F-9C1B34A25C21}.Debug|Any CPU.ActiveCfg = Debug|Any CPU
		{3DAB69E3-429F-4A8A-970F-9C1B34A25C21}.Debug|Any CPU.Build.0 = Debug|Any CPU
		{3DAB69E3-429F-4A8A-970F-9C1B34A25C21}.Release|Any CPU.ActiveCfg = Release|Any CPU
		{3DAB69E3-429F-4A8A-970F-9C1B34A25C21}.Release|Any CPU.Build.0 = Release|Any CPU
		{5E947B6A-1BC6-4D92-90BD-1DB6ED1CB845}.Debug|Any CPU.ActiveCfg = Debug|Any CPU
		{5E947B6A-1BC6-4D92-90BD-1DB6ED1CB845}.Debug|Any CPU.Build.0 = Debug|Any CPU
		{5E947B6A-1BC6-4D92-90BD-1DB6ED1CB845}.Release|Any CPU.ActiveCfg = Release|Any CPU
		{5E947B6A-1BC6-4D92-90BD-1DB6ED1CB845}.Release|Any CPU.Build.0 = Release|Any CPU
		{7D8DE07E-85A3-45BB-949D-239854F5ADB4}.Debug|Any CPU.ActiveCfg = Debug|Any CPU
		{7D8DE07E-85A3-45BB-949D-239854F5ADB4}.Debug|Any CPU.Build.0 = Debug|Any CPU
		{7D8DE07E-85A3-45BB-949D-239854F5ADB4}.Release|Any CPU.ActiveCfg = Release|Any CPU
		{7D8DE07E-85A3-45BB-949D-239854F5ADB4}.Release|Any CPU.Build.0 = Release|Any CPU
		{48275F39-B7AE-4E56-9B8D-82594B272FB9}.Debug|Any CPU.ActiveCfg = Debug|Any CPU
		{48275F39-B7AE-4E56-9B8D-82594B272FB9}.Debug|Any CPU.Build.0 = Debug|Any CPU
		{48275F39-B7AE-4E56-9B8D-82594B272FB9}.Release|Any CPU.ActiveCfg = Release|Any CPU
		{48275F39-B7AE-4E56-9B8D-82594B272FB9}.Release|Any CPU.Build.0 = Release|Any CPU
		{5B52B92F-6610-44FA-B03A-85966E77C6E1}.Debug|Any CPU.ActiveCfg = Debug|Any CPU
		{5B52B92F-6610-44FA-B03A-85966E77C6E1}.Debug|Any CPU.Build.0 = Debug|Any CPU
		{5B52B92F-6610-44FA-B03A-85966E77C6E1}.Release|Any CPU.ActiveCfg = Release|Any CPU
		{5B52B92F-6610-44FA-B03A-85966E77C6E1}.Release|Any CPU.Build.0 = Release|Any CPU
		{F5054F4E-180B-4553-A4DD-0649FE0DB7FC}.Debug|Any CPU.ActiveCfg = Debug|Any CPU
		{F5054F4E-180B-4553-A4DD-0649FE0DB7FC}.Debug|Any CPU.Build.0 = Debug|Any CPU
		{F5054F4E-180B-4553-A4DD-0649FE0DB7FC}.Release|Any CPU.ActiveCfg = Release|Any CPU
		{F5054F4E-180B-4553-A4DD-0649FE0DB7FC}.Release|Any CPU.Build.0 = Release|Any CPU
		{4E2ADB31-E5CE-4442-8277-B6B70336FC40}.Debug|Any CPU.ActiveCfg = Debug|Any CPU
		{4E2ADB31-E5CE-4442-8277-B6B70336FC40}.Debug|Any CPU.Build.0 = Debug|Any CPU
		{4E2ADB31-E5CE-4442-8277-B6B70336FC40}.Release|Any CPU.ActiveCfg = Release|Any CPU
		{4E2ADB31-E5CE-4442-8277-B6B70336FC40}.Release|Any CPU.Build.0 = Release|Any CPU
		{7CF86DCB-1AD5-44C1-A576-E9F1F8B22BBE}.Debug|Any CPU.ActiveCfg = Debug|Any CPU
		{7CF86DCB-1AD5-44C1-A576-E9F1F8B22BBE}.Debug|Any CPU.Build.0 = Debug|Any CPU
		{7CF86DCB-1AD5-44C1-A576-E9F1F8B22BBE}.Release|Any CPU.ActiveCfg = Release|Any CPU
		{7CF86DCB-1AD5-44C1-A576-E9F1F8B22BBE}.Release|Any CPU.Build.0 = Release|Any CPU
		{BDF6A75F-CC33-46FA-9E16-05DB749A13B2}.Debug|Any CPU.ActiveCfg = Debug|Any CPU
		{BDF6A75F-CC33-46FA-9E16-05DB749A13B2}.Debug|Any CPU.Build.0 = Debug|Any CPU
		{BDF6A75F-CC33-46FA-9E16-05DB749A13B2}.Release|Any CPU.ActiveCfg = Release|Any CPU
		{BDF6A75F-CC33-46FA-9E16-05DB749A13B2}.Release|Any CPU.Build.0 = Release|Any CPU
		{FAE8FF3B-46C2-41D8-BE55-D1417F10476B}.Debug|Any CPU.ActiveCfg = Debug|Any CPU
		{FAE8FF3B-46C2-41D8-BE55-D1417F10476B}.Debug|Any CPU.Build.0 = Debug|Any CPU
		{FAE8FF3B-46C2-41D8-BE55-D1417F10476B}.Release|Any CPU.ActiveCfg = Release|Any CPU
		{FAE8FF3B-46C2-41D8-BE55-D1417F10476B}.Release|Any CPU.Build.0 = Release|Any CPU
		{E59B1DDE-29CB-4D8B-8F62-F9B98E096C65}.Debug|Any CPU.ActiveCfg = Debug|Any CPU
		{E59B1DDE-29CB-4D8B-8F62-F9B98E096C65}.Debug|Any CPU.Build.0 = Debug|Any CPU
		{E59B1DDE-29CB-4D8B-8F62-F9B98E096C65}.Release|Any CPU.ActiveCfg = Release|Any CPU
		{E59B1DDE-29CB-4D8B-8F62-F9B98E096C65}.Release|Any CPU.Build.0 = Release|Any CPU
		{019B3688-4918-4CD4-B54A-874281CC29FC}.Debug|Any CPU.ActiveCfg = Debug|Any CPU
		{019B3688-4918-4CD4-B54A-874281CC29FC}.Debug|Any CPU.Build.0 = Debug|Any CPU
		{019B3688-4918-4CD4-B54A-874281CC29FC}.Release|Any CPU.ActiveCfg = Release|Any CPU
		{019B3688-4918-4CD4-B54A-874281CC29FC}.Release|Any CPU.Build.0 = Release|Any CPU
		{20D3AF4B-D60F-4715-A5A1-56593A603792}.Debug|Any CPU.ActiveCfg = Debug|Any CPU
		{20D3AF4B-D60F-4715-A5A1-56593A603792}.Debug|Any CPU.Build.0 = Debug|Any CPU
		{20D3AF4B-D60F-4715-A5A1-56593A603792}.Release|Any CPU.ActiveCfg = Release|Any CPU
		{20D3AF4B-D60F-4715-A5A1-56593A603792}.Release|Any CPU.Build.0 = Release|Any CPU
		{E3878934-4762-4E3F-A3B7-E5477941BD42}.Debug|Any CPU.ActiveCfg = Debug|Any CPU
		{E3878934-4762-4E3F-A3B7-E5477941BD42}.Debug|Any CPU.Build.0 = Debug|Any CPU
		{E3878934-4762-4E3F-A3B7-E5477941BD42}.Release|Any CPU.ActiveCfg = Release|Any CPU
		{E3878934-4762-4E3F-A3B7-E5477941BD42}.Release|Any CPU.Build.0 = Release|Any CPU
		{50FCC75D-A516-4D6B-AC54-185848245ED9}.Debug|Any CPU.ActiveCfg = Debug|Any CPU
		{50FCC75D-A516-4D6B-AC54-185848245ED9}.Debug|Any CPU.Build.0 = Debug|Any CPU
		{50FCC75D-A516-4D6B-AC54-185848245ED9}.Release|Any CPU.ActiveCfg = Release|Any CPU
		{50FCC75D-A516-4D6B-AC54-185848245ED9}.Release|Any CPU.Build.0 = Release|Any CPU
		{56228EFB-0291-418D-B1FB-919198D7E1AE}.Debug|Any CPU.ActiveCfg = Debug|Any CPU
		{56228EFB-0291-418D-B1FB-919198D7E1AE}.Debug|Any CPU.Build.0 = Debug|Any CPU
		{56228EFB-0291-418D-B1FB-919198D7E1AE}.Release|Any CPU.ActiveCfg = Release|Any CPU
		{56228EFB-0291-418D-B1FB-919198D7E1AE}.Release|Any CPU.Build.0 = Release|Any CPU
		{5629F5C5-F273-4636-ABC7-B6C8FFBA0EB3}.Debug|Any CPU.ActiveCfg = Debug|Any CPU
		{5629F5C5-F273-4636-ABC7-B6C8FFBA0EB3}.Debug|Any CPU.Build.0 = Debug|Any CPU
		{5629F5C5-F273-4636-ABC7-B6C8FFBA0EB3}.Release|Any CPU.ActiveCfg = Release|Any CPU
		{5629F5C5-F273-4636-ABC7-B6C8FFBA0EB3}.Release|Any CPU.Build.0 = Release|Any CPU
		{B1C4E0A4-A823-4620-901E-73E1D28497BB}.Debug|Any CPU.ActiveCfg = Debug|Any CPU
		{B1C4E0A4-A823-4620-901E-73E1D28497BB}.Debug|Any CPU.Build.0 = Debug|Any CPU
		{B1C4E0A4-A823-4620-901E-73E1D28497BB}.Release|Any CPU.ActiveCfg = Release|Any CPU
		{B1C4E0A4-A823-4620-901E-73E1D28497BB}.Release|Any CPU.Build.0 = Release|Any CPU
		{6C91356A-8DBA-49F6-A605-B46E8B64FE08}.Debug|Any CPU.ActiveCfg = Debug|Any CPU
		{6C91356A-8DBA-49F6-A605-B46E8B64FE08}.Debug|Any CPU.Build.0 = Debug|Any CPU
		{6C91356A-8DBA-49F6-A605-B46E8B64FE08}.Release|Any CPU.ActiveCfg = Release|Any CPU
		{6C91356A-8DBA-49F6-A605-B46E8B64FE08}.Release|Any CPU.Build.0 = Release|Any CPU
		{7D549C3D-93F2-43FB-A62C-B0BCA1ADBE3A}.Debug|Any CPU.ActiveCfg = Debug|Any CPU
		{7D549C3D-93F2-43FB-A62C-B0BCA1ADBE3A}.Debug|Any CPU.Build.0 = Debug|Any CPU
		{7D549C3D-93F2-43FB-A62C-B0BCA1ADBE3A}.Release|Any CPU.ActiveCfg = Release|Any CPU
		{7D549C3D-93F2-43FB-A62C-B0BCA1ADBE3A}.Release|Any CPU.Build.0 = Release|Any CPU
		{F134AD96-AA3E-4EDB-9B7C-14EE5703E77C}.Debug|Any CPU.ActiveCfg = Debug|Any CPU
		{F134AD96-AA3E-4EDB-9B7C-14EE5703E77C}.Debug|Any CPU.Build.0 = Debug|Any CPU
		{F134AD96-AA3E-4EDB-9B7C-14EE5703E77C}.Release|Any CPU.ActiveCfg = Release|Any CPU
		{F134AD96-AA3E-4EDB-9B7C-14EE5703E77C}.Release|Any CPU.Build.0 = Release|Any CPU
		{01792FBF-7D6E-43F4-91A7-F1EE720CE22D}.Debug|Any CPU.ActiveCfg = Debug|Any CPU
		{01792FBF-7D6E-43F4-91A7-F1EE720CE22D}.Debug|Any CPU.Build.0 = Debug|Any CPU
		{01792FBF-7D6E-43F4-91A7-F1EE720CE22D}.Release|Any CPU.ActiveCfg = Release|Any CPU
		{01792FBF-7D6E-43F4-91A7-F1EE720CE22D}.Release|Any CPU.Build.0 = Release|Any CPU
		{B0C420F6-92C1-41E2-9321-DAA791B4A825}.Debug|Any CPU.ActiveCfg = Debug|Any CPU
		{B0C420F6-92C1-41E2-9321-DAA791B4A825}.Debug|Any CPU.Build.0 = Debug|Any CPU
		{B0C420F6-92C1-41E2-9321-DAA791B4A825}.Release|Any CPU.ActiveCfg = Release|Any CPU
		{B0C420F6-92C1-41E2-9321-DAA791B4A825}.Release|Any CPU.Build.0 = Release|Any CPU
		{C08BE7F5-0031-43A3-A544-B192057714D6}.Debug|Any CPU.ActiveCfg = Debug|Any CPU
		{C08BE7F5-0031-43A3-A544-B192057714D6}.Debug|Any CPU.Build.0 = Debug|Any CPU
		{C08BE7F5-0031-43A3-A544-B192057714D6}.Release|Any CPU.ActiveCfg = Release|Any CPU
		{C08BE7F5-0031-43A3-A544-B192057714D6}.Release|Any CPU.Build.0 = Release|Any CPU
		{E9CB183D-7B65-4DD3-A926-6ECB586750BA}.Debug|Any CPU.ActiveCfg = Debug|Any CPU
		{E9CB183D-7B65-4DD3-A926-6ECB586750BA}.Debug|Any CPU.Build.0 = Debug|Any CPU
		{E9CB183D-7B65-4DD3-A926-6ECB586750BA}.Release|Any CPU.ActiveCfg = Release|Any CPU
		{E9CB183D-7B65-4DD3-A926-6ECB586750BA}.Release|Any CPU.Build.0 = Release|Any CPU
		{463EC98E-6E3F-4976-9479-DFB31B6A08DE}.Debug|Any CPU.ActiveCfg = Debug|Any CPU
		{463EC98E-6E3F-4976-9479-DFB31B6A08DE}.Debug|Any CPU.Build.0 = Debug|Any CPU
		{463EC98E-6E3F-4976-9479-DFB31B6A08DE}.Release|Any CPU.ActiveCfg = Release|Any CPU
		{463EC98E-6E3F-4976-9479-DFB31B6A08DE}.Release|Any CPU.Build.0 = Release|Any CPU
		{943A87D9-2513-497C-8FE7-3DEA0CC6E237}.Debug|Any CPU.ActiveCfg = Debug|Any CPU
		{943A87D9-2513-497C-8FE7-3DEA0CC6E237}.Debug|Any CPU.Build.0 = Debug|Any CPU
		{943A87D9-2513-497C-8FE7-3DEA0CC6E237}.Release|Any CPU.ActiveCfg = Release|Any CPU
		{943A87D9-2513-497C-8FE7-3DEA0CC6E237}.Release|Any CPU.Build.0 = Release|Any CPU
		{A595B23D-937F-4809-92D9-A742F8ACAF24}.Debug|Any CPU.ActiveCfg = Debug|Any CPU
		{A595B23D-937F-4809-92D9-A742F8ACAF24}.Debug|Any CPU.Build.0 = Debug|Any CPU
		{A595B23D-937F-4809-92D9-A742F8ACAF24}.Release|Any CPU.ActiveCfg = Release|Any CPU
		{A595B23D-937F-4809-92D9-A742F8ACAF24}.Release|Any CPU.Build.0 = Release|Any CPU
		{299AC781-FA20-40A5-8B47-E368FB1A4CEC}.Debug|Any CPU.ActiveCfg = Debug|Any CPU
		{299AC781-FA20-40A5-8B47-E368FB1A4CEC}.Debug|Any CPU.Build.0 = Debug|Any CPU
		{299AC781-FA20-40A5-8B47-E368FB1A4CEC}.Release|Any CPU.ActiveCfg = Release|Any CPU
		{299AC781-FA20-40A5-8B47-E368FB1A4CEC}.Release|Any CPU.Build.0 = Release|Any CPU
		{143335FD-0A82-42DE-8176-505F57CC23B1}.Debug|Any CPU.ActiveCfg = Debug|Any CPU
		{143335FD-0A82-42DE-8176-505F57CC23B1}.Debug|Any CPU.Build.0 = Debug|Any CPU
		{143335FD-0A82-42DE-8176-505F57CC23B1}.Release|Any CPU.ActiveCfg = Release|Any CPU
		{143335FD-0A82-42DE-8176-505F57CC23B1}.Release|Any CPU.Build.0 = Release|Any CPU
		{5BF2E096-E32B-462D-A931-EA4E2948DD1A}.Debug|Any CPU.ActiveCfg = Debug|Any CPU
		{5BF2E096-E32B-462D-A931-EA4E2948DD1A}.Debug|Any CPU.Build.0 = Debug|Any CPU
		{5BF2E096-E32B-462D-A931-EA4E2948DD1A}.Release|Any CPU.ActiveCfg = Release|Any CPU
		{5BF2E096-E32B-462D-A931-EA4E2948DD1A}.Release|Any CPU.Build.0 = Release|Any CPU
		{AB3AF597-F4F9-490C-93BA-E38E75CD630D}.Debug|Any CPU.ActiveCfg = Debug|Any CPU
		{AB3AF597-F4F9-490C-93BA-E38E75CD630D}.Debug|Any CPU.Build.0 = Debug|Any CPU
		{AB3AF597-F4F9-490C-93BA-E38E75CD630D}.Release|Any CPU.ActiveCfg = Release|Any CPU
		{AB3AF597-F4F9-490C-93BA-E38E75CD630D}.Release|Any CPU.Build.0 = Release|Any CPU
		{D99AE02A-0601-4FB4-B1B4-8A88AE8729F8}.Debug|Any CPU.ActiveCfg = Debug|Any CPU
		{D99AE02A-0601-4FB4-B1B4-8A88AE8729F8}.Debug|Any CPU.Build.0 = Debug|Any CPU
		{D99AE02A-0601-4FB4-B1B4-8A88AE8729F8}.Release|Any CPU.ActiveCfg = Release|Any CPU
		{D99AE02A-0601-4FB4-B1B4-8A88AE8729F8}.Release|Any CPU.Build.0 = Release|Any CPU
		{58C69DB7-7027-4694-917A-259BCC6197EF}.Debug|Any CPU.ActiveCfg = Debug|Any CPU
		{58C69DB7-7027-4694-917A-259BCC6197EF}.Debug|Any CPU.Build.0 = Debug|Any CPU
		{58C69DB7-7027-4694-917A-259BCC6197EF}.Release|Any CPU.ActiveCfg = Release|Any CPU
		{58C69DB7-7027-4694-917A-259BCC6197EF}.Release|Any CPU.Build.0 = Release|Any CPU
		{F794AAC7-C49A-4918-9B8A-5D8F71652FEC}.Debug|Any CPU.ActiveCfg = Debug|Any CPU
		{F794AAC7-C49A-4918-9B8A-5D8F71652FEC}.Debug|Any CPU.Build.0 = Debug|Any CPU
		{F794AAC7-C49A-4918-9B8A-5D8F71652FEC}.Release|Any CPU.ActiveCfg = Release|Any CPU
		{F794AAC7-C49A-4918-9B8A-5D8F71652FEC}.Release|Any CPU.Build.0 = Release|Any CPU
	EndGlobalSection
	GlobalSection(SolutionProperties) = preSolution
		HideSolutionNode = FALSE
	EndGlobalSection
	GlobalSection(NestedProjects) = preSolution
		{3DAB69E3-429F-4A8A-970F-9C1B34A25C21} = {AE8CD204-E00C-4E8F-8C5C-83F51895A1A3}
		{5E947B6A-1BC6-4D92-90BD-1DB6ED1CB845} = {AE8CD204-E00C-4E8F-8C5C-83F51895A1A3}
		{7D8DE07E-85A3-45BB-949D-239854F5ADB4} = {AE8CD204-E00C-4E8F-8C5C-83F51895A1A3}
		{48275F39-B7AE-4E56-9B8D-82594B272FB9} = {467F6B6D-A9C2-4B86-B366-90BEED3837B2}
		{5B52B92F-6610-44FA-B03A-85966E77C6E1} = {467F6B6D-A9C2-4B86-B366-90BEED3837B2}
		{F5054F4E-180B-4553-A4DD-0649FE0DB7FC} = {467F6B6D-A9C2-4B86-B366-90BEED3837B2}
		{4E2ADB31-E5CE-4442-8277-B6B70336FC40} = {467F6B6D-A9C2-4B86-B366-90BEED3837B2}
		{7CF86DCB-1AD5-44C1-A576-E9F1F8B22BBE} = {467F6B6D-A9C2-4B86-B366-90BEED3837B2}
		{BDF6A75F-CC33-46FA-9E16-05DB749A13B2} = {467F6B6D-A9C2-4B86-B366-90BEED3837B2}
		{FAE8FF3B-46C2-41D8-BE55-D1417F10476B} = {000B6DDE-DB16-4F4F-B0A2-8EBF963E0AFE}
		{E59B1DDE-29CB-4D8B-8F62-F9B98E096C65} = {000B6DDE-DB16-4F4F-B0A2-8EBF963E0AFE}
		{019B3688-4918-4CD4-B54A-874281CC29FC} = {000B6DDE-DB16-4F4F-B0A2-8EBF963E0AFE}
		{20D3AF4B-D60F-4715-A5A1-56593A603792} = {000B6DDE-DB16-4F4F-B0A2-8EBF963E0AFE}
		{E3878934-4762-4E3F-A3B7-E5477941BD42} = {000B6DDE-DB16-4F4F-B0A2-8EBF963E0AFE}
		{50FCC75D-A516-4D6B-AC54-185848245ED9} = {000B6DDE-DB16-4F4F-B0A2-8EBF963E0AFE}
		{56228EFB-0291-418D-B1FB-919198D7E1AE} = {000B6DDE-DB16-4F4F-B0A2-8EBF963E0AFE}
		{5629F5C5-F273-4636-ABC7-B6C8FFBA0EB3} = {CBD16EB0-0637-4CB2-B416-F56672256573}
		{B1C4E0A4-A823-4620-901E-73E1D28497BB} = {CBD16EB0-0637-4CB2-B416-F56672256573}
		{6C91356A-8DBA-49F6-A605-B46E8B64FE08} = {CBD16EB0-0637-4CB2-B416-F56672256573}
		{7D549C3D-93F2-43FB-A62C-B0BCA1ADBE3A} = {CBD16EB0-0637-4CB2-B416-F56672256573}
		{F134AD96-AA3E-4EDB-9B7C-14EE5703E77C} = {CBD16EB0-0637-4CB2-B416-F56672256573}
		{01792FBF-7D6E-43F4-91A7-F1EE720CE22D} = {CBD16EB0-0637-4CB2-B416-F56672256573}
		{B0C420F6-92C1-41E2-9321-DAA791B4A825} = {CBD16EB0-0637-4CB2-B416-F56672256573}
		{C08BE7F5-0031-43A3-A544-B192057714D6} = {CBD16EB0-0637-4CB2-B416-F56672256573}
		{E9CB183D-7B65-4DD3-A926-6ECB586750BA} = {CBD16EB0-0637-4CB2-B416-F56672256573}
		{463EC98E-6E3F-4976-9479-DFB31B6A08DE} = {CBD16EB0-0637-4CB2-B416-F56672256573}
		{943A87D9-2513-497C-8FE7-3DEA0CC6E237} = {7CC71C6D-9179-499B-9F19-DD4068032723}
		{A595B23D-937F-4809-92D9-A742F8ACAF24} = {7CC71C6D-9179-499B-9F19-DD4068032723}
		{299AC781-FA20-40A5-8B47-E368FB1A4CEC} = {7CC71C6D-9179-499B-9F19-DD4068032723}
		{143335FD-0A82-42DE-8176-505F57CC23B1} = {7CC71C6D-9179-499B-9F19-DD4068032723}
		{5BF2E096-E32B-462D-A931-EA4E2948DD1A} = {7CC71C6D-9179-499B-9F19-DD4068032723}
		{AB3AF597-F4F9-490C-93BA-E38E75CD630D} = {7CC71C6D-9179-499B-9F19-DD4068032723}
		{D99AE02A-0601-4FB4-B1B4-8A88AE8729F8} = {7CC71C6D-9179-499B-9F19-DD4068032723}
		{58C69DB7-7027-4694-917A-259BCC6197EF} = {7CC71C6D-9179-499B-9F19-DD4068032723}
		{F794AAC7-C49A-4918-9B8A-5D8F71652FEC} = {F577B1CD-9951-4BB7-AB56-CECF4EC1E0A3}
	EndGlobalSection
	GlobalSection(ExtensibilityGlobals) = postSolution
		SolutionGuid = {143A1743-62B0-4E75-9462-E5A0F63FEAC6}
	EndGlobalSection
EndGlobal
